
Microsoft Visual Studio Solution File, Format Version 12.00
# Visual Studio Version 16
VisualStudioVersion = 16.0.30717.126
MinimumVisualStudioVersion = 10.0.40219.1
Project("{FAE04EC0-301F-11D3-BF4B-00C04F79EFBC}") = "PoE_Chaos_Helper", "PoE_Chaos_Helper\PoE_Chaos_Helper.csproj", "{21BF7C2D-CA2F-4AF0-9EA7-63183840B42E}"
EndProject
Global
	GlobalSection(SolutionConfigurationPlatforms) = preSolution
		Debug|Any CPU = Debug|Any CPU
		Release|Any CPU = Release|Any CPU
	EndGlobalSection
	GlobalSection(ProjectConfigurationPlatforms) = postSolution
		{21BF7C2D-CA2F-4AF0-9EA7-63183840B42E}.Debug|Any CPU.ActiveCfg = Debug|Any CPU
		{21BF7C2D-CA2F-4AF0-9EA7-63183840B42E}.Debug|Any CPU.Build.0 = Debug|Any CPU
		{21BF7C2D-CA2F-4AF0-9EA7-63183840B42E}.Release|Any CPU.ActiveCfg = Release|Any CPU
		{21BF7C2D-CA2F-4AF0-9EA7-63183840B42E}.Release|Any CPU.Build.0 = Release|Any CPU
	EndGlobalSection
	GlobalSection(SolutionProperties) = preSolution
		HideSolutionNode = FALSE
	EndGlobalSection
	GlobalSection(ExtensibilityGlobals) = postSolution
		SolutionGuid = {2BC79D21-81FC-4548-B062-CD58E00B9528}
	EndGlobalSection
EndGlobal
